// !$*UTF8*$!
{
	archiveVersion = 1;
	classes = {
	};
	objectVersion = 46;
	objects = {

/* Begin PBXBuildFile section */
		500631161DE206DE006FAE29 /* EYEConstantURL.swift in Sources */ = {isa = PBXBuildFile; fileRef = 500631151DE206DE006FAE29 /* EYEConstantURL.swift */; };
		50105CCC1DD37A5800620FE3 /* Splash_BKG.jpg in Resources */ = {isa = PBXBuildFile; fileRef = 50105CCB1DD37A5800620FE3 /* Splash_BKG.jpg */; };
		5068FAC21DC8BDFE006BDC88 /* Main.storyboard in Resources */ = {isa = PBXBuildFile; fileRef = 5068FAC01DC8BDFE006BDC88 /* Main.storyboard */; };
		5068FAC41DC8BDFE006BDC88 /* Assets.xcassets in Resources */ = {isa = PBXBuildFile; fileRef = 5068FAC31DC8BDFE006BDC88 /* Assets.xcassets */; };
		5068FAC71DC8BDFE006BDC88 /* LaunchScreen.storyboard in Resources */ = {isa = PBXBuildFile; fileRef = 5068FAC51DC8BDFE006BDC88 /* LaunchScreen.storyboard */; };
		5068FAD21DC8BDFE006BDC88 /* EyeTests.swift in Sources */ = {isa = PBXBuildFile; fileRef = 5068FAD11DC8BDFE006BDC88 /* EyeTests.swift */; };
		5068FADD1DC8BDFE006BDC88 /* EyeUITests.swift in Sources */ = {isa = PBXBuildFile; fileRef = 5068FADC1DC8BDFE006BDC88 /* EyeUITests.swift */; };
		50BD4BBD1DDCA4DC00BB2BF0 /* EYELaunchView.swift in Sources */ = {isa = PBXBuildFile; fileRef = 50BD4BBC1DDCA4DC00BB2BF0 /* EYELaunchView.swift */; };
		50BD4BBF1DDCA53500BB2BF0 /* EYELaunchView.xib in Resources */ = {isa = PBXBuildFile; fileRef = 50BD4BBE1DDCA53500BB2BF0 /* EYELaunchView.xib */; };
		50C03A001DD17B9600186E95 /* AppDelegate.swift in Sources */ = {isa = PBXBuildFile; fileRef = 50C039FC1DD17B9200186E95 /* AppDelegate.swift */; };
		50C03A041DD17D6C00186E95 /* MainViewController.swift in Sources */ = {isa = PBXBuildFile; fileRef = 50C03A031DD17D6C00186E95 /* MainViewController.swift */; };
		50C03A071DD1802200186E95 /* Lobster 1.4.otf in Resources */ = {isa = PBXBuildFile; fileRef = 50C03A061DD1802200186E95 /* Lobster 1.4.otf */; };
		50C03A0A1DD1803100186E95 /* FZLTXIHJW--GB1-0.TTF in Resources */ = {isa = PBXBuildFile; fileRef = 50C03A081DD1803100186E95 /* FZLTXIHJW--GB1-0.TTF */; };
		50C03A0B1DD1803100186E95 /* FZLTZCHJW--GB1-0.TTF in Resources */ = {isa = PBXBuildFile; fileRef = 50C03A091DD1803100186E95 /* FZLTZCHJW--GB1-0.TTF */; };
		76E3270690A21AAF7E756AE2 /* Pods_Eye.framework in Frameworks */ = {isa = PBXBuildFile; fileRef = F4F7BB84290A2430AF2F1E6E /* Pods_Eye.framework */; };
/* End PBXBuildFile section */

/* Begin PBXContainerItemProxy section */
		5068FACE1DC8BDFE006BDC88 /* PBXContainerItemProxy */ = {
			isa = PBXContainerItemProxy;
			containerPortal = 5068FAB11DC8BDFE006BDC88 /* Project object */;
			proxyType = 1;
			remoteGlobalIDString = 5068FAB81DC8BDFE006BDC88;
			remoteInfo = Eye;
		};
		5068FAD91DC8BDFE006BDC88 /* PBXContainerItemProxy */ = {
			isa = PBXContainerItemProxy;
			containerPortal = 5068FAB11DC8BDFE006BDC88 /* Project object */;
			proxyType = 1;
			remoteGlobalIDString = 5068FAB81DC8BDFE006BDC88;
			remoteInfo = Eye;
		};
/* End PBXContainerItemProxy section */

/* Begin PBXFileReference section */
		3BB4255DAF465B465124463A /* Pods-Eye.debug.xcconfig */ = {isa = PBXFileReference; includeInIndex = 1; lastKnownFileType = text.xcconfig; name = "Pods-Eye.debug.xcconfig"; path = "Pods/Target Support Files/Pods-Eye/Pods-Eye.debug.xcconfig"; sourceTree = "<group>"; };
		500631151DE206DE006FAE29 /* EYEConstantURL.swift */ = {isa = PBXFileReference; fileEncoding = 4; lastKnownFileType = sourcecode.swift; path = EYEConstantURL.swift; sourceTree = "<group>"; };
		50105CCB1DD37A5800620FE3 /* Splash_BKG.jpg */ = {isa = PBXFileReference; lastKnownFileType = image.jpeg; path = Splash_BKG.jpg; sourceTree = "<group>"; };
		5068FAB91DC8BDFE006BDC88 /* Eye.app */ = {isa = PBXFileReference; explicitFileType = wrapper.application; includeInIndex = 0; path = Eye.app; sourceTree = BUILT_PRODUCTS_DIR; };
		5068FAC11DC8BDFE006BDC88 /* Base */ = {isa = PBXFileReference; lastKnownFileType = file.storyboard; name = Base; path = Base.lproj/Main.storyboard; sourceTree = "<group>"; };
		5068FAC31DC8BDFE006BDC88 /* Assets.xcassets */ = {isa = PBXFileReference; lastKnownFileType = folder.assetcatalog; path = Assets.xcassets; sourceTree = "<group>"; };
		5068FAC61DC8BDFE006BDC88 /* Base */ = {isa = PBXFileReference; lastKnownFileType = file.storyboard; name = Base; path = Base.lproj/LaunchScreen.storyboard; sourceTree = "<group>"; };
		5068FAC81DC8BDFE006BDC88 /* Info.plist */ = {isa = PBXFileReference; lastKnownFileType = text.plist.xml; path = Info.plist; sourceTree = "<group>"; };
		5068FACD1DC8BDFE006BDC88 /* EyeTests.xctest */ = {isa = PBXFileReference; explicitFileType = wrapper.cfbundle; includeInIndex = 0; path = EyeTests.xctest; sourceTree = BUILT_PRODUCTS_DIR; };
		5068FAD11DC8BDFE006BDC88 /* EyeTests.swift */ = {isa = PBXFileReference; lastKnownFileType = sourcecode.swift; path = EyeTests.swift; sourceTree = "<group>"; };
		5068FAD31DC8BDFE006BDC88 /* Info.plist */ = {isa = PBXFileReference; lastKnownFileType = text.plist.xml; path = Info.plist; sourceTree = "<group>"; };
		5068FAD81DC8BDFE006BDC88 /* EyeUITests.xctest */ = {isa = PBXFileReference; explicitFileType = wrapper.cfbundle; includeInIndex = 0; path = EyeUITests.xctest; sourceTree = BUILT_PRODUCTS_DIR; };
		5068FADC1DC8BDFE006BDC88 /* EyeUITests.swift */ = {isa = PBXFileReference; lastKnownFileType = sourcecode.swift; path = EyeUITests.swift; sourceTree = "<group>"; };
		5068FADE1DC8BDFE006BDC88 /* Info.plist */ = {isa = PBXFileReference; lastKnownFileType = text.plist.xml; path = Info.plist; sourceTree = "<group>"; };
		50BD4BBC1DDCA4DC00BB2BF0 /* EYELaunchView.swift */ = {isa = PBXFileReference; fileEncoding = 4; lastKnownFileType = sourcecode.swift; path = EYELaunchView.swift; sourceTree = "<group>"; };
		50BD4BBE1DDCA53500BB2BF0 /* EYELaunchView.xib */ = {isa = PBXFileReference; fileEncoding = 4; lastKnownFileType = file.xib; path = EYELaunchView.xib; sourceTree = "<group>"; };
		50C039FC1DD17B9200186E95 /* AppDelegate.swift */ = {isa = PBXFileReference; fileEncoding = 4; lastKnownFileType = sourcecode.swift; path = AppDelegate.swift; sourceTree = "<group>"; };
		50C03A031DD17D6C00186E95 /* MainViewController.swift */ = {isa = PBXFileReference; fileEncoding = 4; lastKnownFileType = sourcecode.swift; path = MainViewController.swift; sourceTree = "<group>"; };
		50C03A061DD1802200186E95 /* Lobster 1.4.otf */ = {isa = PBXFileReference; lastKnownFileType = file; path = "Lobster 1.4.otf"; sourceTree = "<group>"; };
		50C03A081DD1803100186E95 /* FZLTXIHJW--GB1-0.TTF */ = {isa = PBXFileReference; lastKnownFileType = file; path = "FZLTXIHJW--GB1-0.TTF"; sourceTree = "<group>"; };
		50C03A091DD1803100186E95 /* FZLTZCHJW--GB1-0.TTF */ = {isa = PBXFileReference; lastKnownFileType = file; path = "FZLTZCHJW--GB1-0.TTF"; sourceTree = "<group>"; };
		50DEBCE31DD1F8010021718D /* Foundation.framework */ = {isa = PBXFileReference; lastKnownFileType = wrapper.framework; name = Foundation.framework; path = System/Library/Frameworks/Foundation.framework; sourceTree = SDKROOT; };
		565EB014AB20A035A7E6B8B8 /* Pods-Eye.release.xcconfig */ = {isa = PBXFileReference; includeInIndex = 1; lastKnownFileType = text.xcconfig; name = "Pods-Eye.release.xcconfig"; path = "Pods/Target Support Files/Pods-Eye/Pods-Eye.release.xcconfig"; sourceTree = "<group>"; };
		F4F7BB84290A2430AF2F1E6E /* Pods_Eye.framework */ = {isa = PBXFileReference; explicitFileType = wrapper.framework; includeInIndex = 0; path = Pods_Eye.framework; sourceTree = BUILT_PRODUCTS_DIR; };
/* End PBXFileReference section */

/* Begin PBXFrameworksBuildPhase section */
		5068FAB61DC8BDFE006BDC88 /* Frameworks */ = {
			isa = PBXFrameworksBuildPhase;
			buildActionMask = 2147483647;
			files = (
				76E3270690A21AAF7E756AE2 /* Pods_Eye.framework in Frameworks */,
			);
			runOnlyForDeploymentPostprocessing = 0;
		};
		5068FACA1DC8BDFE006BDC88 /* Frameworks */ = {
			isa = PBXFrameworksBuildPhase;
			buildActionMask = 2147483647;
			files = (
			);
			runOnlyForDeploymentPostprocessing = 0;
		};
		5068FAD51DC8BDFE006BDC88 /* Frameworks */ = {
			isa = PBXFrameworksBuildPhase;
			buildActionMask = 2147483647;
			files = (
			);
			runOnlyForDeploymentPostprocessing = 0;
		};
/* End PBXFrameworksBuildPhase section */

/* Begin PBXGroup section */
		500631141DE206BC006FAE29 /* Constants */ = {
			isa = PBXGroup;
			children = (
				500631151DE206DE006FAE29 /* EYEConstantURL.swift */,
			);
			path = Constants;
			sourceTree = "<group>";
		};
		5068FAB01DC8BDFE006BDC88 = {
			isa = PBXGroup;
			children = (
				5068FABB1DC8BDFE006BDC88 /* Eye */,
				5068FAD01DC8BDFE006BDC88 /* EyeTests */,
				5068FADB1DC8BDFE006BDC88 /* EyeUITests */,
				5068FABA1DC8BDFE006BDC88 /* Products */,
				D0B96B95AC8E02E4AB95BCDF /* Pods */,
				F74BDA40C8CF0D8395860A70 /* Frameworks */,
			);
			sourceTree = "<group>";
		};
		5068FABA1DC8BDFE006BDC88 /* Products */ = {
			isa = PBXGroup;
			children = (
				5068FAB91DC8BDFE006BDC88 /* Eye.app */,
				5068FACD1DC8BDFE006BDC88 /* EyeTests.xctest */,
				5068FAD81DC8BDFE006BDC88 /* EyeUITests.xctest */,
			);
			name = Products;
			sourceTree = "<group>";
		};
		5068FABB1DC8BDFE006BDC88 /* Eye */ = {
			isa = PBXGroup;
			children = (
				50C039FB1DD17B9200186E95 /* AppDelegate */,
				50C039FD1DD17B9200186E95 /* Controllers */,
				50C039FE1DD17B9200186E95 /* Models */,
				50BD4BBA1DDCA4CE00BB2BF0 /* Views */,
				500631141DE206BC006FAE29 /* Constants */,
				50C03A051DD17FDF00186E95 /* Resources */,
				5068FAC31DC8BDFE006BDC88 /* Assets.xcassets */,
				5068FAC51DC8BDFE006BDC88 /* LaunchScreen.storyboard */,
				5068FAC81DC8BDFE006BDC88 /* Info.plist */,
			);
			path = Eye;
			sourceTree = "<group>";
		};
		5068FAD01DC8BDFE006BDC88 /* EyeTests */ = {
			isa = PBXGroup;
			children = (
				5068FAD11DC8BDFE006BDC88 /* EyeTests.swift */,
				5068FAD31DC8BDFE006BDC88 /* Info.plist */,
			);
			path = EyeTests;
			sourceTree = "<group>";
		};
		5068FADB1DC8BDFE006BDC88 /* EyeUITests */ = {
			isa = PBXGroup;
			children = (
				5068FADC1DC8BDFE006BDC88 /* EyeUITests.swift */,
				5068FADE1DC8BDFE006BDC88 /* Info.plist */,
			);
			path = EyeUITests;
			sourceTree = "<group>";
		};
		50BD4BBA1DDCA4CE00BB2BF0 /* Views */ = {
			isa = PBXGroup;
			children = (
				50BD4BBB1DDCA4CE00BB2BF0 /* LaunchView */,
			);
			path = Views;
			sourceTree = "<group>";
		};
		50BD4BBB1DDCA4CE00BB2BF0 /* LaunchView */ = {
			isa = PBXGroup;
			children = (
				50BD4BBC1DDCA4DC00BB2BF0 /* EYELaunchView.swift */,
				50BD4BBE1DDCA53500BB2BF0 /* EYELaunchView.xib */,
			);
			path = LaunchView;
			sourceTree = "<group>";
		};
		50C039FB1DD17B9200186E95 /* AppDelegate */ = {
			isa = PBXGroup;
			children = (
				50C039FC1DD17B9200186E95 /* AppDelegate.swift */,
			);
			path = AppDelegate;
			sourceTree = "<group>";
		};
		50C039FD1DD17B9200186E95 /* Controllers */ = {
			isa = PBXGroup;
			children = (
				50C03A011DD17BBF00186E95 /* Base */,
				50C03A021DD17BBF00186E95 /* Main */,
			);
			path = Controllers;
			sourceTree = "<group>";
		};
		50C039FE1DD17B9200186E95 /* Models */ = {
			isa = PBXGroup;
			children = (
			);
			path = Models;
			sourceTree = "<group>";
		};
		50C03A011DD17BBF00186E95 /* Base */ = {
			isa = PBXGroup;
			children = (
			);
			path = Base;
			sourceTree = "<group>";
		};
		50C03A021DD17BBF00186E95 /* Main */ = {
			isa = PBXGroup;
			children = (
				5068FAC01DC8BDFE006BDC88 /* Main.storyboard */,
				50C03A031DD17D6C00186E95 /* MainViewController.swift */,
			);
			path = Main;
			sourceTree = "<group>";
		};
		50C03A051DD17FDF00186E95 /* Resources */ = {
			isa = PBXGroup;
			children = (
				50105CCB1DD37A5800620FE3 /* Splash_BKG.jpg */,
				50C03A081DD1803100186E95 /* FZLTXIHJW--GB1-0.TTF */,
				50C03A091DD1803100186E95 /* FZLTZCHJW--GB1-0.TTF */,
				50C03A061DD1802200186E95 /* Lobster 1.4.otf */,
			);
			path = Resources;
			sourceTree = "<group>";
		};
		D0B96B95AC8E02E4AB95BCDF /* Pods */ = {
			isa = PBXGroup;
			children = (
				3BB4255DAF465B465124463A /* Pods-Eye.debug.xcconfig */,
				565EB014AB20A035A7E6B8B8 /* Pods-Eye.release.xcconfig */,
			);
			name = Pods;
			sourceTree = "<group>";
		};
		F74BDA40C8CF0D8395860A70 /* Frameworks */ = {
			isa = PBXGroup;
			children = (
				50DEBCE31DD1F8010021718D /* Foundation.framework */,
				F4F7BB84290A2430AF2F1E6E /* Pods_Eye.framework */,
			);
			name = Frameworks;
			sourceTree = "<group>";
		};
/* End PBXGroup section */

/* Begin PBXNativeTarget section */
		5068FAB81DC8BDFE006BDC88 /* Eye */ = {
			isa = PBXNativeTarget;
			buildConfigurationList = 5068FAE11DC8BDFE006BDC88 /* Build configuration list for PBXNativeTarget "Eye" */;
			buildPhases = (
				2B7165D86521BB8C4B15434B /* [CP] Check Pods Manifest.lock */,
				5068FAB51DC8BDFE006BDC88 /* Sources */,
				5068FAB61DC8BDFE006BDC88 /* Frameworks */,
				5068FAB71DC8BDFE006BDC88 /* Resources */,
				8E0BD2098AC3B726A7188836 /* [CP] Embed Pods Frameworks */,
				3FED5BA7634C0DA027AF5CF5 /* [CP] Copy Pods Resources */,
			);
			buildRules = (
			);
			dependencies = (
			);
			name = Eye;
			productName = Eye;
			productReference = 5068FAB91DC8BDFE006BDC88 /* Eye.app */;
			productType = "com.apple.product-type.application";
		};
		5068FACC1DC8BDFE006BDC88 /* EyeTests */ = {
			isa = PBXNativeTarget;
			buildConfigurationList = 5068FAE41DC8BDFE006BDC88 /* Build configuration list for PBXNativeTarget "EyeTests" */;
			buildPhases = (
				5068FAC91DC8BDFE006BDC88 /* Sources */,
				5068FACA1DC8BDFE006BDC88 /* Frameworks */,
				5068FACB1DC8BDFE006BDC88 /* Resources */,
			);
			buildRules = (
			);
			dependencies = (
				5068FACF1DC8BDFE006BDC88 /* PBXTargetDependency */,
			);
			name = EyeTests;
			productName = EyeTests;
			productReference = 5068FACD1DC8BDFE006BDC88 /* EyeTests.xctest */;
			productType = "com.apple.product-type.bundle.unit-test";
		};
		5068FAD71DC8BDFE006BDC88 /* EyeUITests */ = {
			isa = PBXNativeTarget;
			buildConfigurationList = 5068FAE71DC8BDFE006BDC88 /* Build configuration list for PBXNativeTarget "EyeUITests" */;
			buildPhases = (
				5068FAD41DC8BDFE006BDC88 /* Sources */,
				5068FAD51DC8BDFE006BDC88 /* Frameworks */,
				5068FAD61DC8BDFE006BDC88 /* Resources */,
			);
			buildRules = (
			);
			dependencies = (
				5068FADA1DC8BDFE006BDC88 /* PBXTargetDependency */,
			);
			name = EyeUITests;
			productName = EyeUITests;
			productReference = 5068FAD81DC8BDFE006BDC88 /* EyeUITests.xctest */;
			productType = "com.apple.product-type.bundle.ui-testing";
		};
/* End PBXNativeTarget section */

/* Begin PBXProject section */
		5068FAB11DC8BDFE006BDC88 /* Project object */ = {
			isa = PBXProject;
			attributes = {
				LastSwiftUpdateCheck = 0800;
				LastUpgradeCheck = 0800;
				ORGANIZATIONNAME = "Zhang Qingjie";
				TargetAttributes = {
					5068FAB81DC8BDFE006BDC88 = {
						CreatedOnToolsVersion = 8.0;
						DevelopmentTeam = 5AQGGJ35C4;
						ProvisioningStyle = Automatic;
					};
					5068FACC1DC8BDFE006BDC88 = {
						CreatedOnToolsVersion = 8.0;
						ProvisioningStyle = Automatic;
						TestTargetID = 5068FAB81DC8BDFE006BDC88;
					};
					5068FAD71DC8BDFE006BDC88 = {
						CreatedOnToolsVersion = 8.0;
						ProvisioningStyle = Automatic;
						TestTargetID = 5068FAB81DC8BDFE006BDC88;
					};
				};
			};
			buildConfigurationList = 5068FAB41DC8BDFE006BDC88 /* Build configuration list for PBXProject "Eye" */;
			compatibilityVersion = "Xcode 3.2";
			developmentRegion = English;
			hasScannedForEncodings = 0;
			knownRegions = (
				en,
				Base,
			);
			mainGroup = 5068FAB01DC8BDFE006BDC88;
			productRefGroup = 5068FABA1DC8BDFE006BDC88 /* Products */;
			projectDirPath = "";
			projectRoot = "";
			targets = (
				5068FAB81DC8BDFE006BDC88 /* Eye */,
				5068FACC1DC8BDFE006BDC88 /* EyeTests */,
				5068FAD71DC8BDFE006BDC88 /* EyeUITests */,
			);
		};
/* End PBXProject section */

/* Begin PBXResourcesBuildPhase section */
		5068FAB71DC8BDFE006BDC88 /* Resources */ = {
			isa = PBXResourcesBuildPhase;
			buildActionMask = 2147483647;
			files = (
				50C03A071DD1802200186E95 /* Lobster 1.4.otf in Resources */,
				5068FAC71DC8BDFE006BDC88 /* LaunchScreen.storyboard in Resources */,
				5068FAC41DC8BDFE006BDC88 /* Assets.xcassets in Resources */,
				50BD4BBF1DDCA53500BB2BF0 /* EYELaunchView.xib in Resources */,
				5068FAC21DC8BDFE006BDC88 /* Main.storyboard in Resources */,
				50105CCC1DD37A5800620FE3 /* Splash_BKG.jpg in Resources */,
				50C03A0A1DD1803100186E95 /* FZLTXIHJW--GB1-0.TTF in Resources */,
				50C03A0B1DD1803100186E95 /* FZLTZCHJW--GB1-0.TTF in Resources */,
			);
			runOnlyForDeploymentPostprocessing = 0;
		};
		5068FACB1DC8BDFE006BDC88 /* Resources */ = {
			isa = PBXResourcesBuildPhase;
			buildActionMask = 2147483647;
			files = (
			);
			runOnlyForDeploymentPostprocessing = 0;
		};
		5068FAD61DC8BDFE006BDC88 /* Resources */ = {
			isa = PBXResourcesBuildPhase;
			buildActionMask = 2147483647;
			files = (
			);
			runOnlyForDeploymentPostprocessing = 0;
		};
/* End PBXResourcesBuildPhase section */

/* Begin PBXShellScriptBuildPhase section */
		2B7165D86521BB8C4B15434B /* [CP] Check Pods Manifest.lock */ = {
			isa = PBXShellScriptBuildPhase;
			buildActionMask = 2147483647;
			files = (
			);
			inputPaths = (
			);
			name = "[CP] Check Pods Manifest.lock";
			outputPaths = (
			);
			runOnlyForDeploymentPostprocessing = 0;
			shellPath = /bin/sh;
			shellScript = "diff \"${PODS_ROOT}/../Podfile.lock\" \"${PODS_ROOT}/Manifest.lock\" > /dev/null\nif [ $? != 0 ] ; then\n    # print error to STDERR\n    echo \"error: The sandbox is not in sync with the Podfile.lock. Run 'pod install' or update your CocoaPods installation.\" >&2\n    exit 1\nfi\n";
			showEnvVarsInLog = 0;
		};
		3FED5BA7634C0DA027AF5CF5 /* [CP] Copy Pods Resources */ = {
			isa = PBXShellScriptBuildPhase;
			buildActionMask = 2147483647;
			files = (
			);
			inputPaths = (
			);
			name = "[CP] Copy Pods Resources";
			outputPaths = (
			);
			runOnlyForDeploymentPostprocessing = 0;
			shellPath = /bin/sh;
			shellScript = "\"${SRCROOT}/Pods/Target Support Files/Pods-Eye/Pods-Eye-resources.sh\"\n";
			showEnvVarsInLog = 0;
		};
		8E0BD2098AC3B726A7188836 /* [CP] Embed Pods Frameworks */ = {
			isa = PBXShellScriptBuildPhase;
			buildActionMask = 2147483647;
			files = (
			);
			inputPaths = (
			);
			name = "[CP] Embed Pods Frameworks";
			outputPaths = (
			);
			runOnlyForDeploymentPostprocessing = 0;
			shellPath = /bin/sh;
			shellScript = "\"${SRCROOT}/Pods/Target Support Files/Pods-Eye/Pods-Eye-frameworks.sh\"\n";
			showEnvVarsInLog = 0;
		};
/* End PBXShellScriptBuildPhase section */

/* Begin PBXSourcesBuildPhase section */
		5068FAB51DC8BDFE006BDC88 /* Sources */ = {
			isa = PBXSourcesBuildPhase;
			buildActionMask = 2147483647;
			files = (
				50C03A041DD17D6C00186E95 /* MainViewController.swift in Sources */,
				50C03A001DD17B9600186E95 /* AppDelegate.swift in Sources */,
				50BD4BBD1DDCA4DC00BB2BF0 /* EYELaunchView.swift in Sources */,
				500631161DE206DE006FAE29 /* EYEConstantURL.swift in Sources */,
			);
			runOnlyForDeploymentPostprocessing = 0;
		};
		5068FAC91DC8BDFE006BDC88 /* Sources */ = {
			isa = PBXSourcesBuildPhase;
			buildActionMask = 2147483647;
			files = (
				5068FAD21DC8BDFE006BDC88 /* EyeTests.swift in Sources */,
			);
			runOnlyForDeploymentPostprocessing = 0;
		};
		5068FAD41DC8BDFE006BDC88 /* Sources */ = {
			isa = PBXSourcesBuildPhase;
			buildActionMask = 2147483647;
			files = (
				5068FADD1DC8BDFE006BDC88 /* EyeUITests.swift in Sources */,
			);
			runOnlyForDeploymentPostprocessing = 0;
		};
/* End PBXSourcesBuildPhase section */

/* Begin PBXTargetDependency section */
		5068FACF1DC8BDFE006BDC88 /* PBXTargetDependency */ = {
			isa = PBXTargetDependency;
			target = 5068FAB81DC8BDFE006BDC88 /* Eye */;
			targetProxy = 5068FACE1DC8BDFE006BDC88 /* PBXContainerItemProxy */;
		};
		5068FADA1DC8BDFE006BDC88 /* PBXTargetDependency */ = {
			isa = PBXTargetDependency;
			target = 5068FAB81DC8BDFE006BDC88 /* Eye */;
			targetProxy = 5068FAD91DC8BDFE006BDC88 /* PBXContainerItemProxy */;
		};
/* End PBXTargetDependency section */

/* Begin PBXVariantGroup section */
		5068FAC01DC8BDFE006BDC88 /* Main.storyboard */ = {
			isa = PBXVariantGroup;
			children = (
				5068FAC11DC8BDFE006BDC88 /* Base */,
			);
			name = Main.storyboard;
			path = ../..;
			sourceTree = "<group>";
		};
		5068FAC51DC8BDFE006BDC88 /* LaunchScreen.storyboard */ = {
			isa = PBXVariantGroup;
			children = (
				5068FAC61DC8BDFE006BDC88 /* Base */,
			);
			name = LaunchScreen.storyboard;
			sourceTree = "<group>";
		};
/* End PBXVariantGroup section */

/* Begin XCBuildConfiguration section */
		5068FADF1DC8BDFE006BDC88 /* Debug */ = {
			isa = XCBuildConfiguration;
			buildSettings = {
				ALWAYS_SEARCH_USER_PATHS = NO;
				CLANG_ANALYZER_NONNULL = YES;
				CLANG_CXX_LANGUAGE_STANDARD = "gnu++0x";
				CLANG_CXX_LIBRARY = "libc++";
				CLANG_ENABLE_MODULES = YES;
				CLANG_ENABLE_OBJC_ARC = YES;
				CLANG_WARN_BOOL_CONVERSION = YES;
				CLANG_WARN_CONSTANT_CONVERSION = YES;
				CLANG_WARN_DIRECT_OBJC_ISA_USAGE = YES_ERROR;
				CLANG_WARN_DOCUMENTATION_COMMENTS = YES;
				CLANG_WARN_EMPTY_BODY = YES;
				CLANG_WARN_ENUM_CONVERSION = YES;
				CLANG_WARN_INFINITE_RECURSION = YES;
				CLANG_WARN_INT_CONVERSION = YES;
				CLANG_WARN_OBJC_ROOT_CLASS = YES_ERROR;
				CLANG_WARN_SUSPICIOUS_MOVES = YES;
				CLANG_WARN_UNREACHABLE_CODE = YES;
				CLANG_WARN__DUPLICATE_METHOD_MATCH = YES;
				"CODE_SIGN_IDENTITY[sdk=iphoneos*]" = "iPhone Developer";
				COPY_PHASE_STRIP = NO;
				DEBUG_INFORMATION_FORMAT = dwarf;
				ENABLE_STRICT_OBJC_MSGSEND = YES;
				ENABLE_TESTABILITY = YES;
				GCC_C_LANGUAGE_STANDARD = gnu99;
				GCC_DYNAMIC_NO_PIC = NO;
				GCC_NO_COMMON_BLOCKS = YES;
				GCC_OPTIMIZATION_LEVEL = 0;
				GCC_PREPROCESSOR_DEFINITIONS = (
					"DEBUG=1",
					"$(inherited)",
				);
				GCC_WARN_64_TO_32_BIT_CONVERSION = YES;
				GCC_WARN_ABOUT_RETURN_TYPE = YES_ERROR;
				GCC_WARN_UNDECLARED_SELECTOR = YES;
				GCC_WARN_UNINITIALIZED_AUTOS = YES_AGGRESSIVE;
				GCC_WARN_UNUSED_FUNCTION = YES;
				GCC_WARN_UNUSED_VARIABLE = YES;
				IPHONEOS_DEPLOYMENT_TARGET = 10.0;
				MTL_ENABLE_DEBUG_INFO = YES;
				ONLY_ACTIVE_ARCH = YES;
				SDKROOT = iphoneos;
				SWIFT_ACTIVE_COMPILATION_CONDITIONS = DEBUG;
				SWIFT_OPTIMIZATION_LEVEL = "-Onone";
				TARGETED_DEVICE_FAMILY = "1,2";
			};
			name = Debug;
		};
		5068FAE01DC8BDFE006BDC88 /* Release */ = {
			isa = XCBuildConfiguration;
			buildSettings = {
				ALWAYS_SEARCH_USER_PATHS = NO;
				CLANG_ANALYZER_NONNULL = YES;
				CLANG_CXX_LANGUAGE_STANDARD = "gnu++0x";
				CLANG_CXX_LIBRARY = "libc++";
				CLANG_ENABLE_MODULES = YES;
				CLANG_ENABLE_OBJC_ARC = YES;
				CLANG_WARN_BOOL_CONVERSION = YES;
				CLANG_WARN_CONSTANT_CONVERSION = YES;
				CLANG_WARN_DIRECT_OBJC_ISA_USAGE = YES_ERROR;
				CLANG_WARN_DOCUMENTATION_COMMENTS = YES;
				CLANG_WARN_EMPTY_BODY = YES;
				CLANG_WARN_ENUM_CONVERSION = YES;
				CLANG_WARN_INFINITE_RECURSION = YES;
				CLANG_WARN_INT_CONVERSION = YES;
				CLANG_WARN_OBJC_ROOT_CLASS = YES_ERROR;
				CLANG_WARN_SUSPICIOUS_MOVES = YES;
				CLANG_WARN_UNREACHABLE_CODE = YES;
				CLANG_WARN__DUPLICATE_METHOD_MATCH = YES;
				"CODE_SIGN_IDENTITY[sdk=iphoneos*]" = "iPhone Developer";
				COPY_PHASE_STRIP = NO;
				DEBUG_INFORMATION_FORMAT = "dwarf-with-dsym";
				ENABLE_NS_ASSERTIONS = NO;
				ENABLE_STRICT_OBJC_MSGSEND = YES;
				GCC_C_LANGUAGE_STANDARD = gnu99;
				GCC_NO_COMMON_BLOCKS = YES;
				GCC_WARN_64_TO_32_BIT_CONVERSION = YES;
				GCC_WARN_ABOUT_RETURN_TYPE = YES_ERROR;
				GCC_WARN_UNDECLARED_SELECTOR = YES;
				GCC_WARN_UNINITIALIZED_AUTOS = YES_AGGRESSIVE;
				GCC_WARN_UNUSED_FUNCTION = YES;
				GCC_WARN_UNUSED_VARIABLE = YES;
				IPHONEOS_DEPLOYMENT_TARGET = 10.0;
				MTL_ENABLE_DEBUG_INFO = NO;
				SDKROOT = iphoneos;
				SWIFT_OPTIMIZATION_LEVEL = "-Owholemodule";
				TARGETED_DEVICE_FAMILY = "1,2";
				VALIDATE_PRODUCT = YES;
			};
			name = Release;
		};
		5068FAE21DC8BDFE006BDC88 /* Debug */ = {
			isa = XCBuildConfiguration;
			baseConfigurationReference = 3BB4255DAF465B465124463A /* Pods-Eye.debug.xcconfig */;
			buildSettings = {
				ASSETCATALOG_COMPILER_APPICON_NAME = AppIcon;
				ASSETCATALOG_COMPILER_LAUNCHIMAGE_NAME = LaunchImage;
				"CODE_SIGN_IDENTITY[sdk=iphoneos*]" = "iPhone Developer";
				DEVELOPMENT_TEAM = 5AQGGJ35C4;
				INFOPLIST_FILE = Eye/Info.plist;
				IPHONEOS_DEPLOYMENT_TARGET = 9.0;
				LD_RUNPATH_SEARCH_PATHS = "$(inherited) @executable_path/Frameworks";
				PRODUCT_BUNDLE_IDENTIFIER = or2z.com.Eye;
				PRODUCT_NAME = "$(TARGET_NAME)";
				SWIFT_VERSION = 3.0;
				TARGETED_DEVICE_FAMILY = 1;
			};
			name = Debug;
		};
		5068FAE31DC8BDFE006BDC88 /* Release */ = {
			isa = XCBuildConfiguration;
			baseConfigurationReference = 565EB014AB20A035A7E6B8B8 /* Pods-Eye.release.xcconfig */;
			buildSettings = {
				ASSETCATALOG_COMPILER_APPICON_NAME = AppIcon;
				ASSETCATALOG_COMPILER_LAUNCHIMAGE_NAME = LaunchImage;
				"CODE_SIGN_IDENTITY[sdk=iphoneos*]" = "iPhone Developer";
				DEVELOPMENT_TEAM = 5AQGGJ35C4;
				INFOPLIST_FILE = Eye/Info.plist;
				IPHONEOS_DEPLOYMENT_TARGET = 9.0;
				LD_RUNPATH_SEARCH_PATHS = "$(inherited) @executable_path/Frameworks";
				PRODUCT_BUNDLE_IDENTIFIER = or2z.com.Eye;
				PRODUCT_NAME = "$(TARGET_NAME)";
				SWIFT_VERSION = 3.0;
				TARGETED_DEVICE_FAMILY = 1;
			};
			name = Release;
		};
		5068FAE51DC8BDFE006BDC88 /* Debug */ = {
			isa = XCBuildConfiguration;
			buildSettings = {
				ALWAYS_EMBED_SWIFT_STANDARD_LIBRARIES = YES;
				BUNDLE_LOADER = "$(TEST_HOST)";
				INFOPLIST_FILE = EyeTests/Info.plist;
				LD_RUNPATH_SEARCH_PATHS = "$(inherited) @executable_path/Frameworks @loader_path/Frameworks";
				PRODUCT_BUNDLE_IDENTIFIER = or2z.com.EyeTests;
				PRODUCT_NAME = "$(TARGET_NAME)";
				SWIFT_VERSION = 3.0;
				TEST_HOST = "$(BUILT_PRODUCTS_DIR)/Eye.app/Eye";
			};
			name = Debug;
		};
		5068FAE61DC8BDFE006BDC88 /* Release */ = {
			isa = XCBuildConfiguration;
			buildSettings = {
				ALWAYS_EMBED_SWIFT_STANDARD_LIBRARIES = YES;
				BUNDLE_LOADER = "$(TEST_HOST)";
				INFOPLIST_FILE = EyeTests/Info.plist;
				LD_RUNPATH_SEARCH_PATHS = "$(inherited) @executable_path/Frameworks @loader_path/Frameworks";
				PRODUCT_BUNDLE_IDENTIFIER = or2z.com.EyeTests;
				PRODUCT_NAME = "$(TARGET_NAME)";
				SWIFT_VERSION = 3.0;
				TEST_HOST = "$(BUILT_PRODUCTS_DIR)/Eye.app/Eye";
			};
			name = Release;
		};
		5068FAE81DC8BDFE006BDC88 /* Debug */ = {
			isa = XCBuildConfiguration;
			buildSettings = {
				ALWAYS_EMBED_SWIFT_STANDARD_LIBRARIES = YES;
				INFOPLIST_FILE = EyeUITests/Info.plist;
				LD_RUNPATH_SEARCH_PATHS = "$(inherited) @executable_path/Frameworks @loader_path/Frameworks";
				PRODUCT_BUNDLE_IDENTIFIER = or2z.com.EyeUITests;
				PRODUCT_NAME = "$(TARGET_NAME)";
				SWIFT_VERSION = 3.0;
				TEST_TARGET_NAME = Eye;
			};
			name = Debug;
		};
		5068FAE91DC8BDFE006BDC88 /* Release */ = {
			isa = XCBuildConfiguration;
			buildSettings = {
				ALWAYS_EMBED_SWIFT_STANDARD_LIBRARIES = YES;
				INFOPLIST_FILE = EyeUITests/Info.plist;
				LD_RUNPATH_SEARCH_PATHS = "$(inherited) @executable_path/Frameworks @loader_path/Frameworks";
				PRODUCT_BUNDLE_IDENTIFIER = or2z.com.EyeUITests;
				PRODUCT_NAME = "$(TARGET_NAME)";
				SWIFT_VERSION = 3.0;
				TEST_TARGET_NAME = Eye;
			};
			name = Release;
		};
/* End XCBuildConfiguration section */

/* Begin XCConfigurationList section */
		5068FAB41DC8BDFE006BDC88 /* Build configuration list for PBXProject "Eye" */ = {
			isa = XCConfigurationList;
			buildConfigurations = (
				5068FADF1DC8BDFE006BDC88 /* Debug */,
				5068FAE01DC8BDFE006BDC88 /* Release */,
			);
			defaultConfigurationIsVisible = 0;
			defaultConfigurationName = Release;
		};
		5068FAE11DC8BDFE006BDC88 /* Build configuration list for PBXNativeTarget "Eye" */ = {
			isa = XCConfigurationList;
			buildConfigurations = (
				5068FAE21DC8BDFE006BDC88 /* Debug */,
				5068FAE31DC8BDFE006BDC88 /* Release */,
			);
			defaultConfigurationIsVisible = 0;
			defaultConfigurationName = Release;
		};
		5068FAE41DC8BDFE006BDC88 /* Build configuration list for PBXNativeTarget "EyeTests" */ = {
			isa = XCConfigurationList;
			buildConfigurations = (
				5068FAE51DC8BDFE006BDC88 /* Debug */,
				5068FAE61DC8BDFE006BDC88 /* Release */,
			);
			defaultConfigurationIsVisible = 0;
			defaultConfigurationName = Release;
		};
		5068FAE71DC8BDFE006BDC88 /* Build configuration list for PBXNativeTarget "EyeUITests" */ = {
			isa = XCConfigurationList;
			buildConfigurations = (
				5068FAE81DC8BDFE006BDC88 /* Debug */,
				5068FAE91DC8BDFE006BDC88 /* Release */,
			);
			defaultConfigurationIsVisible = 0;
			defaultConfigurationName = Release;
		};
/* End XCConfigurationList section */
	};
	rootObject = 5068FAB11DC8BDFE006BDC88 /* Project object */;
}
